
Microsoft Visual Studio Solution File, Format Version 12.00
# Visual Studio 15
VisualStudioVersion = 15.0.27130.2010
MinimumVisualStudioVersion = 10.0.40219.1
Project("{FAE04EC0-301F-11D3-BF4B-00C04F79EFBC}") = "PennyGame", "WpfApp1\PennyGame.csproj", "{CF08A94E-5AE4-4D40-90E0-7B5F8302A546}"
EndProject
Global
	GlobalSection(SolutionConfigurationPlatforms) = preSolution
		Debug|Any CPU = Debug|Any CPU
		Release|Any CPU = Release|Any CPU
	EndGlobalSection
	GlobalSection(ProjectConfigurationPlatforms) = postSolution
		{CF08A94E-5AE4-4D40-90E0-7B5F8302A546}.Debug|Any CPU.ActiveCfg = Debug|Any CPU
		{CF08A94E-5AE4-4D40-90E0-7B5F8302A546}.Debug|Any CPU.Build.0 = Debug|Any CPU
		{CF08A94E-5AE4-4D40-90E0-7B5F8302A546}.Release|Any CPU.ActiveCfg = Release|Any CPU
		{CF08A94E-5AE4-4D40-90E0-7B5F8302A546}.Release|Any CPU.Build.0 = Release|Any CPU
	EndGlobalSection
	GlobalSection(SolutionProperties) = preSolution
		HideSolutionNode = FALSE
	EndGlobalSection
	GlobalSection(ExtensibilityGlobals) = postSolution
		SolutionGuid = {FD2DB2E5-6A23-404A-A445-AAD952A41482}
	EndGlobalSection
EndGlobal
